// !$*UTF8*$!
{
	archiveVersion = 1;
	classes = {
	};
	objectVersion = 51;
	objects = {

/* Begin PBXBuildFile section */
		2A600ADD23437003004DE37B /* AppDelegate.swift in Sources */ = {isa = PBXBuildFile; fileRef = 2A600ADC23437003004DE37B /* AppDelegate.swift */; };
		2A600ADF23437003004DE37B /* ViewController.swift in Sources */ = {isa = PBXBuildFile; fileRef = 2A600ADE23437003004DE37B /* ViewController.swift */; };
		2A600AE223437003004DE37B /* Main.storyboard in Resources */ = {isa = PBXBuildFile; fileRef = 2A600AE023437003004DE37B /* Main.storyboard */; };
		2A600AE423437004004DE37B /* Assets.xcassets in Resources */ = {isa = PBXBuildFile; fileRef = 2A600AE323437004004DE37B /* Assets.xcassets */; };
		2A600AE723437004004DE37B /* LaunchScreen.storyboard in Resources */ = {isa = PBXBuildFile; fileRef = 2A600AE523437004004DE37B /* LaunchScreen.storyboard */; };
		2A600AEF2343903B004DE37B /* StripeAPIKeyClient.swift in Sources */ = {isa = PBXBuildFile; fileRef = 2A600AEE2343903B004DE37B /* StripeAPIKeyClient.swift */; };
		FAF28822AC19D54C88A6A29C /* Pods_PayemtnDemo.framework in Frameworks */ = {isa = PBXBuildFile; fileRef = AA4214FA18A89CEFBB3C177D /* Pods_PayemtnDemo.framework */; };
/* End PBXBuildFile section */

/* Begin PBXFileReference section */
		2A600AD923437003004DE37B /* PayemtnDemo.app */ = {isa = PBXFileReference; explicitFileType = wrapper.application; includeInIndex = 0; path = PayemtnDemo.app; sourceTree = BUILT_PRODUCTS_DIR; };
		2A600ADC23437003004DE37B /* AppDelegate.swift */ = {isa = PBXFileReference; lastKnownFileType = sourcecode.swift; path = AppDelegate.swift; sourceTree = "<group>"; };
		2A600ADE23437003004DE37B /* ViewController.swift */ = {isa = PBXFileReference; lastKnownFileType = sourcecode.swift; path = ViewController.swift; sourceTree = "<group>"; };
		2A600AE123437003004DE37B /* Base */ = {isa = PBXFileReference; lastKnownFileType = file.storyboard; name = Base; path = Base.lproj/Main.storyboard; sourceTree = "<group>"; };
		2A600AE323437004004DE37B /* Assets.xcassets */ = {isa = PBXFileReference; lastKnownFileType = folder.assetcatalog; path = Assets.xcassets; sourceTree = "<group>"; };
		2A600AE623437004004DE37B /* Base */ = {isa = PBXFileReference; lastKnownFileType = file.storyboard; name = Base; path = Base.lproj/LaunchScreen.storyboard; sourceTree = "<group>"; };
		2A600AE823437004004DE37B /* Info.plist */ = {isa = PBXFileReference; lastKnownFileType = text.plist.xml; path = Info.plist; sourceTree = "<group>"; };
		2A600AEE2343903B004DE37B /* StripeAPIKeyClient.swift */ = {isa = PBXFileReference; lastKnownFileType = sourcecode.swift; path = StripeAPIKeyClient.swift; sourceTree = "<group>"; };
		9F8408E58BF199DC371CD3B3 /* Pods-PayemtnDemo.release.xcconfig */ = {isa = PBXFileReference; includeInIndex = 1; lastKnownFileType = text.xcconfig; name = "Pods-PayemtnDemo.release.xcconfig"; path = "Target Support Files/Pods-PayemtnDemo/Pods-PayemtnDemo.release.xcconfig"; sourceTree = "<group>"; };
		A1BF27AA0EF0A64039C769ED /* Pods-PayemtnDemo.debug.xcconfig */ = {isa = PBXFileReference; includeInIndex = 1; lastKnownFileType = text.xcconfig; name = "Pods-PayemtnDemo.debug.xcconfig"; path = "Target Support Files/Pods-PayemtnDemo/Pods-PayemtnDemo.debug.xcconfig"; sourceTree = "<group>"; };
		AA4214FA18A89CEFBB3C177D /* Pods_PayemtnDemo.framework */ = {isa = PBXFileReference; explicitFileType = wrapper.framework; includeInIndex = 0; path = Pods_PayemtnDemo.framework; sourceTree = BUILT_PRODUCTS_DIR; };
/* End PBXFileReference section */

/* Begin PBXFrameworksBuildPhase section */
		2A600AD623437003004DE37B /* Frameworks */ = {
			isa = PBXFrameworksBuildPhase;
			buildActionMask = 2147483647;
			files = (
				FAF28822AC19D54C88A6A29C /* Pods_PayemtnDemo.framework in Frameworks */,
			);
			runOnlyForDeploymentPostprocessing = 0;
		};
/* End PBXFrameworksBuildPhase section */

/* Begin PBXGroup section */
		2A600AD023437003004DE37B = {
			isa = PBXGroup;
			children = (
				2A600ADB23437003004DE37B /* PayemtnDemo */,
				2A600ADA23437003004DE37B /* Products */,
				E84AB6FD78A01338152848E7 /* Pods */,
				2A97C5EDB1C0CE662056F1B9 /* Frameworks */,
			);
			sourceTree = "<group>";
		};
		2A600ADA23437003004DE37B /* Products */ = {
			isa = PBXGroup;
			children = (
				2A600AD923437003004DE37B /* PayemtnDemo.app */,
			);
			name = Products;
			sourceTree = "<group>";
		};
		2A600ADB23437003004DE37B /* PayemtnDemo */ = {
			isa = PBXGroup;
			children = (
				2A600AEE2343903B004DE37B /* StripeAPIKeyClient.swift */,
				2A600ADC23437003004DE37B /* AppDelegate.swift */,
				2A600ADE23437003004DE37B /* ViewController.swift */,
				2A600AE023437003004DE37B /* Main.storyboard */,
				2A600AE323437004004DE37B /* Assets.xcassets */,
				2A600AE523437004004DE37B /* LaunchScreen.storyboard */,
				2A600AE823437004004DE37B /* Info.plist */,
			);
			path = PayemtnDemo;
			sourceTree = "<group>";
		};
		2A97C5EDB1C0CE662056F1B9 /* Frameworks */ = {
			isa = PBXGroup;
			children = (
				AA4214FA18A89CEFBB3C177D /* Pods_PayemtnDemo.framework */,
			);
			name = Frameworks;
			sourceTree = "<group>";
		};
		E84AB6FD78A01338152848E7 /* Pods */ = {
			isa = PBXGroup;
			children = (
				A1BF27AA0EF0A64039C769ED /* Pods-PayemtnDemo.debug.xcconfig */,
				9F8408E58BF199DC371CD3B3 /* Pods-PayemtnDemo.release.xcconfig */,
			);
			path = Pods;
			sourceTree = "<group>";
		};
/* End PBXGroup section */

/* Begin PBXNativeTarget section */
		2A600AD823437003004DE37B /* PayemtnDemo */ = {
			isa = PBXNativeTarget;
			buildConfigurationList = 2A600AEB23437005004DE37B /* Build configuration list for PBXNativeTarget "PayemtnDemo" */;
			buildPhases = (
				D1CE263864665D2ED36D31B4 /* [CP] Check Pods Manifest.lock */,
				2A600AD523437003004DE37B /* Sources */,
				2A600AD623437003004DE37B /* Frameworks */,
				2A600AD723437003004DE37B /* Resources */,
				C4C54221C5C709C26F1AFF2A /* [CP] Embed Pods Frameworks */,
			);
			buildRules = (
			);
			dependencies = (
			);
			name = PayemtnDemo;
			productName = PayemtnDemo;
			productReference = 2A600AD923437003004DE37B /* PayemtnDemo.app */;
			productType = "com.apple.product-type.application";
		};
/* End PBXNativeTarget section */

/* Begin PBXProject section */
		2A600AD123437003004DE37B /* Project object */ = {
			isa = PBXProject;
			attributes = {
				LastSwiftUpdateCheck = 1030;
				LastUpgradeCheck = 1030;
				ORGANIZATIONNAME = "Subhra Roy";
				TargetAttributes = {
					2A600AD823437003004DE37B = {
						CreatedOnToolsVersion = 10.3;
					};
				};
			};
			buildConfigurationList = 2A600AD423437003004DE37B /* Build configuration list for PBXProject "PayemtnDemo" */;
			compatibilityVersion = "Xcode 9.3";
			developmentRegion = en;
			hasScannedForEncodings = 0;
			knownRegions = (
				en,
				Base,
			);
			mainGroup = 2A600AD023437003004DE37B;
			productRefGroup = 2A600ADA23437003004DE37B /* Products */;
			projectDirPath = "";
			projectRoot = "";
			targets = (
				2A600AD823437003004DE37B /* PayemtnDemo */,
			);
		};
/* End PBXProject section */

/* Begin PBXResourcesBuildPhase section */
		2A600AD723437003004DE37B /* Resources */ = {
			isa = PBXResourcesBuildPhase;
			buildActionMask = 2147483647;
			files = (
				2A600AE723437004004DE37B /* LaunchScreen.storyboard in Resources */,
				2A600AE423437004004DE37B /* Assets.xcassets in Resources */,
				2A600AE223437003004DE37B /* Main.storyboard in Resources */,
			);
			runOnlyForDeploymentPostprocessing = 0;
		};
/* End PBXResourcesBuildPhase section */

/* Begin PBXShellScriptBuildPhase section */
		C4C54221C5C709C26F1AFF2A /* [CP] Embed Pods Frameworks */ = {
			isa = PBXShellScriptBuildPhase;
			buildActionMask = 2147483647;
			files = (
			);
			inputFileListPaths = (
				"${PODS_ROOT}/Target Support Files/Pods-PayemtnDemo/Pods-PayemtnDemo-frameworks-${CONFIGURATION}-input-files.xcfilelist",
			);
			name = "[CP] Embed Pods Frameworks";
			outputFileListPaths = (
				"${PODS_ROOT}/Target Support Files/Pods-PayemtnDemo/Pods-PayemtnDemo-frameworks-${CONFIGURATION}-output-files.xcfilelist",
			);
			runOnlyForDeploymentPostprocessing = 0;
			shellPath = /bin/sh;
			shellScript = "\"${PODS_ROOT}/Target Support Files/Pods-PayemtnDemo/Pods-PayemtnDemo-frameworks.sh\"\n";
			showEnvVarsInLog = 0;
		};
		D1CE263864665D2ED36D31B4 /* [CP] Check Pods Manifest.lock */ = {
			isa = PBXShellScriptBuildPhase;
			buildActionMask = 2147483647;
			files = (
			);
			inputFileListPaths = (
			);
			inputPaths = (
				"${PODS_PODFILE_DIR_PATH}/Podfile.lock",
				"${PODS_ROOT}/Manifest.lock",
			);
			name = "[CP] Check Pods Manifest.lock";
			outputFileListPaths = (
			);
			outputPaths = (
				"$(DERIVED_FILE_DIR)/Pods-PayemtnDemo-checkManifestLockResult.txt",
			);
			runOnlyForDeploymentPostprocessing = 0;
			shellPath = /bin/sh;
			shellScript = "diff \"${PODS_PODFILE_DIR_PATH}/Podfile.lock\" \"${PODS_ROOT}/Manifest.lock\" > /dev/null\nif [ $? != 0 ] ; then\n    # print error to STDERR\n    echo \"error: The sandbox is not in sync with the Podfile.lock. Run 'pod install' or update your CocoaPods installation.\" >&2\n    exit 1\nfi\n# This output is used by Xcode 'outputs' to avoid re-running this script phase.\necho \"SUCCESS\" > \"${SCRIPT_OUTPUT_FILE_0}\"\n";
			showEnvVarsInLog = 0;
		};
/* End PBXShellScriptBuildPhase section */

/* Begin PBXSourcesBuildPhase section */
		2A600AD523437003004DE37B /* Sources */ = {
			isa = PBXSourcesBuildPhase;
			buildActionMask = 2147483647;
			files = (
				2A600ADF23437003004DE37B /* ViewController.swift in Sources */,
				2A600AEF2343903B004DE37B /* StripeAPIKeyClient.swift in Sources */,
				2A600ADD23437003004DE37B /* AppDelegate.swift in Sources */,
			);
			runOnlyForDeploymentPostprocessing = 0;
		};
/* End PBXSourcesBuildPhase section */

/* Begin PBXVariantGroup section */
		2A600AE023437003004DE37B /* Main.storyboard */ = {
			isa = PBXVariantGroup;
			children = (
				2A600AE123437003004DE37B /* Base */,
			);
			name = Main.storyboard;
			sourceTree = "<group>";
		};
		2A600AE523437004004DE37B /* LaunchScreen.storyboard */ = {
			isa = PBXVariantGroup;
			children = (
				2A600AE623437004004DE37B /* Base */,
			);
			name = LaunchScreen.storyboard;
			sourceTree = "<group>";
		};
/* End PBXVariantGroup section */

/* Begin XCBuildConfiguration section */
		2A600AE923437005004DE37B /* Debug */ = {
			isa = XCBuildConfiguration;
			buildSettings = {
				ALWAYS_SEARCH_USER_PATHS = NO;
				CLANG_ANALYZER_NONNULL = YES;
				CLANG_ANALYZER_NUMBER_OBJECT_CONVERSION = YES_AGGRESSIVE;
				CLANG_CXX_LANGUAGE_STANDARD = "gnu++14";
				CLANG_CXX_LIBRARY = "libc++";
				CLANG_ENABLE_MODULES = YES;
				CLANG_ENABLE_OBJC_ARC = YES;
				CLANG_ENABLE_OBJC_WEAK = YES;
				CLANG_WARN_BLOCK_CAPTURE_AUTORELEASING = YES;
				CLANG_WARN_BOOL_CONVERSION = YES;
				CLANG_WARN_COMMA = YES;
				CLANG_WARN_CONSTANT_CONVERSION = YES;
				CLANG_WARN_DEPRECATED_OBJC_IMPLEMENTATIONS = YES;
				CLANG_WARN_DIRECT_OBJC_ISA_USAGE = YES_ERROR;
				CLANG_WARN_DOCUMENTATION_COMMENTS = YES;
				CLANG_WARN_EMPTY_BODY = YES;
				CLANG_WARN_ENUM_CONVERSION = YES;
				CLANG_WARN_INFINITE_RECURSION = YES;
				CLANG_WARN_INT_CONVERSION = YES;
				CLANG_WARN_NON_LITERAL_NULL_CONVERSION = YES;
				CLANG_WARN_OBJC_IMPLICIT_RETAIN_SELF = YES;
				CLANG_WARN_OBJC_LITERAL_CONVERSION = YES;
				CLANG_WARN_OBJC_ROOT_CLASS = YES_ERROR;
				CLANG_WARN_RANGE_LOOP_ANALYSIS = YES;
				CLANG_WARN_STRICT_PROTOTYPES = YES;
				CLANG_WARN_SUSPICIOUS_MOVE = YES;
				CLANG_WARN_UNGUARDED_AVAILABILITY = YES_AGGRESSIVE;
				CLANG_WARN_UNREACHABLE_CODE = YES;
				CLANG_WARN__DUPLICATE_METHOD_MATCH = YES;
				CODE_SIGN_IDENTITY = "iPhone Developer";
				COPY_PHASE_STRIP = NO;
				DEBUG_INFORMATION_FORMAT = dwarf;
				ENABLE_STRICT_OBJC_MSGSEND = YES;
				ENABLE_TESTABILITY = YES;
				GCC_C_LANGUAGE_STANDARD = gnu11;
				GCC_DYNAMIC_NO_PIC = NO;
				GCC_NO_COMMON_BLOCKS = YES;
				GCC_OPTIMIZATION_LEVEL = 0;
				GCC_PREPROCESSOR_DEFINITIONS = (
					"DEBUG=1",
					"$(inherited)",
				);
				GCC_WARN_64_TO_32_BIT_CONVERSION = YES;
				GCC_WARN_ABOUT_RETURN_TYPE = YES_ERROR;
				GCC_WARN_UNDECLARED_SELECTOR = YES;
				GCC_WARN_UNINITIALIZED_AUTOS = YES_AGGRESSIVE;
				GCC_WARN_UNUSED_FUNCTION = YES;
				GCC_WARN_UNUSED_VARIABLE = YES;
				IPHONEOS_DEPLOYMENT_TARGET = 12.4;
				MTL_ENABLE_DEBUG_INFO = INCLUDE_SOURCE;
				MTL_FAST_MATH = YES;
				ONLY_ACTIVE_ARCH = YES;
				SDKROOT = iphoneos;
				SWIFT_ACTIVE_COMPILATION_CONDITIONS = DEBUG;
				SWIFT_OPTIMIZATION_LEVEL = "-Onone";
			};
			name = Debug;
		};
		2A600AEA23437005004DE37B /* Release */ = {
			isa = XCBuildConfiguration;
			buildSettings = {
				ALWAYS_SEARCH_USER_PATHS = NO;
				CLANG_ANALYZER_NONNULL = YES;
				CLANG_ANALYZER_NUMBER_OBJECT_CONVERSION = YES_AGGRESSIVE;
				CLANG_CXX_LANGUAGE_STANDARD = "gnu++14";
				CLANG_CXX_LIBRARY = "libc++";
				CLANG_ENABLE_MODULES = YES;
				CLANG_ENABLE_OBJC_ARC = YES;
				CLANG_ENABLE_OBJC_WEAK = YES;
				CLANG_WARN_BLOCK_CAPTURE_AUTORELEASING = YES;
				CLANG_WARN_BOOL_CONVERSION = YES;
				CLANG_WARN_COMMA = YES;
				CLANG_WARN_CONSTANT_CONVERSION = YES;
				CLANG_WARN_DEPRECATED_OBJC_IMPLEMENTATIONS = YES;
				CLANG_WARN_DIRECT_OBJC_ISA_USAGE = YES_ERROR;
				CLANG_WARN_DOCUMENTATION_COMMENTS = YES;
				CLANG_WARN_EMPTY_BODY = YES;
				CLANG_WARN_ENUM_CONVERSION = YES;
				CLANG_WARN_INFINITE_RECURSION = YES;
				CLANG_WARN_INT_CONVERSION = YES;
				CLANG_WARN_NON_LITERAL_NULL_CONVERSION = YES;
				CLANG_WARN_OBJC_IMPLICIT_RETAIN_SELF = YES;
				CLANG_WARN_OBJC_LITERAL_CONVERSION = YES;
				CLANG_WARN_OBJC_ROOT_CLASS = YES_ERROR;
				CLANG_WARN_RANGE_LOOP_ANALYSIS = YES;
				CLANG_WARN_STRICT_PROTOTYPES = YES;
				CLANG_WARN_SUSPICIOUS_MOVE = YES;
				CLANG_WARN_UNGUARDED_AVAILABILITY = YES_AGGRESSIVE;
				CLANG_WARN_UNREACHABLE_CODE = YES;
				CLANG_WARN__DUPLICATE_METHOD_MATCH = YES;
				CODE_SIGN_IDENTITY = "iPhone Developer";
				COPY_PHASE_STRIP = NO;
				DEBUG_INFORMATION_FORMAT = "dwarf-with-dsym";
				ENABLE_NS_ASSERTIONS = NO;
				ENABLE_STRICT_OBJC_MSGSEND = YES;
				GCC_C_LANGUAGE_STANDARD = gnu11;
				GCC_NO_COMMON_BLOCKS = YES;
				GCC_WARN_64_TO_32_BIT_CONVERSION = YES;
				GCC_WARN_ABOUT_RETURN_TYPE = YES_ERROR;
				GCC_WARN_UNDECLARED_SELECTOR = YES;
				GCC_WARN_UNINITIALIZED_AUTOS = YES_AGGRESSIVE;
				GCC_WARN_UNUSED_FUNCTION = YES;
				GCC_WARN_UNUSED_VARIABLE = YES;
				IPHONEOS_DEPLOYMENT_TARGET = 12.4;
				MTL_ENABLE_DEBUG_INFO = NO;
				MTL_FAST_MATH = YES;
				SDKROOT = iphoneos;
				SWIFT_COMPILATION_MODE = wholemodule;
				SWIFT_OPTIMIZATION_LEVEL = "-O";
				VALIDATE_PRODUCT = YES;
			};
			name = Release;
		};
		2A600AEC23437005004DE37B /* Debug */ = {
			isa = XCBuildConfiguration;
			baseConfigurationReference = A1BF27AA0EF0A64039C769ED /* Pods-PayemtnDemo.debug.xcconfig */;
			buildSettings = {
				ASSETCATALOG_COMPILER_APPICON_NAME = AppIcon;
				CODE_SIGN_STYLE = Automatic;
				DEVELOPMENT_TEAM = 3QCVS5M6Q4;
				INFOPLIST_FILE = PayemtnDemo/Info.plist;
				LD_RUNPATH_SEARCH_PATHS = (
					"$(inherited)",
					"@executable_path/Frameworks",
				);
				PRODUCT_BUNDLE_IDENTIFIER = com.demo.PayemtnDemo;
				PRODUCT_NAME = "$(TARGET_NAME)";
				SWIFT_VERSION = 5.0;
				TARGETED_DEVICE_FAMILY = "1,2";
			};
			name = Debug;
		};
		2A600AED23437005004DE37B /* Release */ = {
			isa = XCBuildConfiguration;
			baseConfigurationReference = 9F8408E58BF199DC371CD3B3 /* Pods-PayemtnDemo.release.xcconfig */;
			buildSettings = {
				ASSETCATALOG_COMPILER_APPICON_NAME = AppIcon;
				CODE_SIGN_STYLE = Automatic;
				DEVELOPMENT_TEAM = 3QCVS5M6Q4;
				INFOPLIST_FILE = PayemtnDemo/Info.plist;
				LD_RUNPATH_SEARCH_PATHS = (
					"$(inherited)",
					"@executable_path/Frameworks",
				);
				PRODUCT_BUNDLE_IDENTIFIER = com.demo.PayemtnDemo;
				PRODUCT_NAME = "$(TARGET_NAME)";
				SWIFT_VERSION = 5.0;
				TARGETED_DEVICE_FAMILY = "1,2";
			};
			name = Release;
		};
/* End XCBuildConfiguration section */

/* Begin XCConfigurationList section */
		2A600AD423437003004DE37B /* Build configuration list for PBXProject "PayemtnDemo" */ = {
			isa = XCConfigurationList;
			buildConfigurations = (
				2A600AE923437005004DE37B /* Debug */,
				2A600AEA23437005004DE37B /* Release */,
			);
			defaultConfigurationIsVisible = 0;
			defaultConfigurationName = Release;
		};
		2A600AEB23437005004DE37B /* Build configuration list for PBXNativeTarget "PayemtnDemo" */ = {
			isa = XCConfigurationList;
			buildConfigurations = (
				2A600AEC23437005004DE37B /* Debug */,
				2A600AED23437005004DE37B /* Release */,
			);
			defaultConfigurationIsVisible = 0;
			defaultConfigurationName = Release;
		};
/* End XCConfigurationList section */
	};
	rootObject = 2A600AD123437003004DE37B /* Project object */;
}
